
Microsoft Visual Studio Solution File, Format Version 12.00
# Visual Studio Version 17
VisualStudioVersion = 17.8.34330.188
MinimumVisualStudioVersion = 10.0.40219.1
Project("{FAE04EC0-301F-11D3-BF4B-00C04F79EFBC}") = "ApmDijkstra", "ApmDijkstra.csproj", "{A623DD08-46D9-4B87-B9C4-A0EB6C5452D1}"
EndProject
Global
	GlobalSection(SolutionConfigurationPlatforms) = preSolution
		Debug|Any CPU = Debug|Any CPU
		Release|Any CPU = Release|Any CPU
	EndGlobalSection
	GlobalSection(ProjectConfigurationPlatforms) = postSolution
		{A623DD08-46D9-4B87-B9C4-A0EB6C5452D1}.Debug|Any CPU.ActiveCfg = Debug|Any CPU
		{A623DD08-46D9-4B87-B9C4-A0EB6C5452D1}.Debug|Any CPU.Build.0 = Debug|Any CPU
		{A623DD08-46D9-4B87-B9C4-A0EB6C5452D1}.Release|Any CPU.ActiveCfg = Release|Any CPU
		{A623DD08-46D9-4B87-B9C4-A0EB6C5452D1}.Release|Any CPU.Build.0 = Release|Any CPU
	EndGlobalSection
	GlobalSection(SolutionProperties) = preSolution
		HideSolutionNode = FALSE
	EndGlobalSection
	GlobalSection(ExtensibilityGlobals) = postSolution
		SolutionGuid = {6FCE1260-7C95-40F9-8E78-3EAC48558170}
	EndGlobalSection
EndGlobal
